{
  "originHash" : "9ad0e4af5127ebef815835e95b149cc32e09de2c3a91073b449004b0be0f5a48",
  "pins" : [
    {
      "identity" : "matanyone2kit",
      "kind" : "remoteSourceControl",
      "location" : "https://github.com/xy13m/MatAnyone2Kit",
      "state" : {
        "revision" : "accb1bd4b6bbd768923a6a58482be9fb47446a68"
      }
    }
  ],
  "version" : 3
}
