{
  "originHash" : "0b6efc7e918ae6b624c30294c2f62e10c7d1966c0b4f47b3fefcffa2e74eb194",
  "pins" : [
    {
      "identity" : "matanyone2kit",
      "kind" : "remoteSourceControl",
      "location" : "https://github.com/xy13m/MatAnyone2Kit",
      "state" : {
        "revision" : "0b05bcf39ec2cb86b9a2d51a242b7dbea15ff3ea"
      }
    }
  ],
  "version" : 3
}
